// !$*UTF8*$!
{
	archiveVersion = 1;
	classes = {
	};
	objectVersion = 55;
	objects = {

/* Begin PBXBuildFile section */
		3B333871F67AC415E4119808 /* Pods_money.framework in Frameworks */ = {isa = PBXBuildFile; fileRef = D207117213D73D2F404D69C7 /* Pods_money.framework */; };
		58556B9028278A72008B323A /* AppDelegate.swift in Sources */ = {isa = PBXBuildFile; fileRef = 58556B8F28278A72008B323A /* AppDelegate.swift */; };
		58556B9228278A72008B323A /* SceneDelegate.swift in Sources */ = {isa = PBXBuildFile; fileRef = 58556B9128278A72008B323A /* SceneDelegate.swift */; };
		58556B9428278A72008B323A /* ViewController.swift in Sources */ = {isa = PBXBuildFile; fileRef = 58556B9328278A72008B323A /* ViewController.swift */; };
		58556B9728278A72008B323A /* Main.storyboard in Resources */ = {isa = PBXBuildFile; fileRef = 58556B9528278A72008B323A /* Main.storyboard */; };
		58556B9928278A74008B323A /* Assets.xcassets in Resources */ = {isa = PBXBuildFile; fileRef = 58556B9828278A74008B323A /* Assets.xcassets */; };
		58556B9C28278A74008B323A /* LaunchScreen.storyboard in Resources */ = {isa = PBXBuildFile; fileRef = 58556B9A28278A74008B323A /* LaunchScreen.storyboard */; };
		58556BA428278DD0008B323A /* 102212-pig-coin.json in Resources */ = {isa = PBXBuildFile; fileRef = 58556BA328278DD0008B323A /* 102212-pig-coin.json */; };
		58556BA628279115008B323A /* HomeViewController.swift in Sources */ = {isa = PBXBuildFile; fileRef = 58556BA528279115008B323A /* HomeViewController.swift */; };
		58556BA8282D37F7008B323A /* ChartViewController.swift in Sources */ = {isa = PBXBuildFile; fileRef = 58556BA7282D37F7008B323A /* ChartViewController.swift */; };
		58556BAA282D385C008B323A /* ExpensesListViewController.swift in Sources */ = {isa = PBXBuildFile; fileRef = 58556BA9282D385C008B323A /* ExpensesListViewController.swift */; };
		58556BAC282D391A008B323A /* TabBarViewController.swift in Sources */ = {isa = PBXBuildFile; fileRef = 58556BAB282D391A008B323A /* TabBarViewController.swift */; };
		58556BAE2830D3DF008B323A /* FinanceListViewController.swift in Sources */ = {isa = PBXBuildFile; fileRef = 58556BAD2830D3DE008B323A /* FinanceListViewController.swift */; };
/* End PBXBuildFile section */

/* Begin PBXFileReference section */
		58556B8C28278A72008B323A /* money.app */ = {isa = PBXFileReference; explicitFileType = wrapper.application; includeInIndex = 0; path = money.app; sourceTree = BUILT_PRODUCTS_DIR; };
		58556B8F28278A72008B323A /* AppDelegate.swift */ = {isa = PBXFileReference; lastKnownFileType = sourcecode.swift; path = AppDelegate.swift; sourceTree = "<group>"; };
		58556B9128278A72008B323A /* SceneDelegate.swift */ = {isa = PBXFileReference; lastKnownFileType = sourcecode.swift; path = SceneDelegate.swift; sourceTree = "<group>"; };
		58556B9328278A72008B323A /* ViewController.swift */ = {isa = PBXFileReference; lastKnownFileType = sourcecode.swift; path = ViewController.swift; sourceTree = "<group>"; };
		58556B9628278A72008B323A /* Base */ = {isa = PBXFileReference; lastKnownFileType = file.storyboard; name = Base; path = Base.lproj/Main.storyboard; sourceTree = "<group>"; };
		58556B9828278A74008B323A /* Assets.xcassets */ = {isa = PBXFileReference; lastKnownFileType = folder.assetcatalog; path = Assets.xcassets; sourceTree = "<group>"; };
		58556B9B28278A74008B323A /* Base */ = {isa = PBXFileReference; lastKnownFileType = file.storyboard; name = Base; path = Base.lproj/LaunchScreen.storyboard; sourceTree = "<group>"; };
		58556B9D28278A74008B323A /* Info.plist */ = {isa = PBXFileReference; lastKnownFileType = text.plist.xml; path = Info.plist; sourceTree = "<group>"; };
		58556BA328278DD0008B323A /* 102212-pig-coin.json */ = {isa = PBXFileReference; fileEncoding = 4; lastKnownFileType = text.json; path = "102212-pig-coin.json"; sourceTree = "<group>"; };
		58556BA528279115008B323A /* HomeViewController.swift */ = {isa = PBXFileReference; lastKnownFileType = sourcecode.swift; path = HomeViewController.swift; sourceTree = "<group>"; };
		58556BA7282D37F7008B323A /* ChartViewController.swift */ = {isa = PBXFileReference; lastKnownFileType = sourcecode.swift; path = ChartViewController.swift; sourceTree = "<group>"; };
		58556BA9282D385C008B323A /* ExpensesListViewController.swift */ = {isa = PBXFileReference; lastKnownFileType = sourcecode.swift; path = ExpensesListViewController.swift; sourceTree = "<group>"; };
		58556BAB282D391A008B323A /* TabBarViewController.swift */ = {isa = PBXFileReference; lastKnownFileType = sourcecode.swift; path = TabBarViewController.swift; sourceTree = "<group>"; };
		58556BAD2830D3DE008B323A /* FinanceListViewController.swift */ = {isa = PBXFileReference; lastKnownFileType = sourcecode.swift; path = FinanceListViewController.swift; sourceTree = "<group>"; };
		58819B4C872AE634886F3B0A /* Pods-money.release.xcconfig */ = {isa = PBXFileReference; includeInIndex = 1; lastKnownFileType = text.xcconfig; name = "Pods-money.release.xcconfig"; path = "Target Support Files/Pods-money/Pods-money.release.xcconfig"; sourceTree = "<group>"; };
		7446832FF72644EC41464FC0 /* Pods-money.debug.xcconfig */ = {isa = PBXFileReference; includeInIndex = 1; lastKnownFileType = text.xcconfig; name = "Pods-money.debug.xcconfig"; path = "Target Support Files/Pods-money/Pods-money.debug.xcconfig"; sourceTree = "<group>"; };
		D207117213D73D2F404D69C7 /* Pods_money.framework */ = {isa = PBXFileReference; explicitFileType = wrapper.framework; includeInIndex = 0; path = Pods_money.framework; sourceTree = BUILT_PRODUCTS_DIR; };
/* End PBXFileReference section */

/* Begin PBXFrameworksBuildPhase section */
		58556B8928278A72008B323A /* Frameworks */ = {
			isa = PBXFrameworksBuildPhase;
			buildActionMask = 2147483647;
			files = (
				3B333871F67AC415E4119808 /* Pods_money.framework in Frameworks */,
			);
			runOnlyForDeploymentPostprocessing = 0;
		};
/* End PBXFrameworksBuildPhase section */

/* Begin PBXGroup section */
		58556B8328278A72008B323A = {
			isa = PBXGroup;
			children = (
				58556B8E28278A72008B323A /* money */,
				58556B8D28278A72008B323A /* Products */,
				6B86D236302E59020A843F44 /* Pods */,
				D02DBA391BDA83A948B888AE /* Frameworks */,
			);
			sourceTree = "<group>";
		};
		58556B8D28278A72008B323A /* Products */ = {
			isa = PBXGroup;
			children = (
				58556B8C28278A72008B323A /* money.app */,
			);
			name = Products;
			sourceTree = "<group>";
		};
		58556B8E28278A72008B323A /* money */ = {
			isa = PBXGroup;
			children = (
				58556B8F28278A72008B323A /* AppDelegate.swift */,
				58556B9128278A72008B323A /* SceneDelegate.swift */,
				58556B9328278A72008B323A /* ViewController.swift */,
				58556BA528279115008B323A /* HomeViewController.swift */,
				58556B9528278A72008B323A /* Main.storyboard */,
				58556BA328278DD0008B323A /* 102212-pig-coin.json */,
				58556B9828278A74008B323A /* Assets.xcassets */,
				58556B9A28278A74008B323A /* LaunchScreen.storyboard */,
				58556B9D28278A74008B323A /* Info.plist */,
				58556BA7282D37F7008B323A /* ChartViewController.swift */,
				58556BA9282D385C008B323A /* ExpensesListViewController.swift */,
				58556BAB282D391A008B323A /* TabBarViewController.swift */,
				58556BAD2830D3DE008B323A /* FinanceListViewController.swift */,
			);
			path = money;
			sourceTree = "<group>";
		};
		6B86D236302E59020A843F44 /* Pods */ = {
			isa = PBXGroup;
			children = (
				7446832FF72644EC41464FC0 /* Pods-money.debug.xcconfig */,
				58819B4C872AE634886F3B0A /* Pods-money.release.xcconfig */,
			);
			path = Pods;
			sourceTree = "<group>";
		};
		D02DBA391BDA83A948B888AE /* Frameworks */ = {
			isa = PBXGroup;
			children = (
				D207117213D73D2F404D69C7 /* Pods_money.framework */,
			);
			name = Frameworks;
			sourceTree = "<group>";
		};
/* End PBXGroup section */

/* Begin PBXNativeTarget section */
		58556B8B28278A72008B323A /* money */ = {
			isa = PBXNativeTarget;
			buildConfigurationList = 58556BA028278A74008B323A /* Build configuration list for PBXNativeTarget "money" */;
			buildPhases = (
				82565D9DA00004E0846ADA09 /* [CP] Check Pods Manifest.lock */,
				58556B8828278A72008B323A /* Sources */,
				58556B8928278A72008B323A /* Frameworks */,
				58556B8A28278A72008B323A /* Resources */,
				2759557EB20E278F693A1C5A /* [CP] Embed Pods Frameworks */,
			);
			buildRules = (
			);
			dependencies = (
			);
			name = money;
			productName = money;
			productReference = 58556B8C28278A72008B323A /* money.app */;
			productType = "com.apple.product-type.application";
		};
/* End PBXNativeTarget section */

/* Begin PBXProject section */
		58556B8428278A72008B323A /* Project object */ = {
			isa = PBXProject;
			attributes = {
				BuildIndependentTargetsInParallel = 1;
				LastSwiftUpdateCheck = 1320;
				LastUpgradeCheck = 1320;
				TargetAttributes = {
					58556B8B28278A72008B323A = {
						CreatedOnToolsVersion = 13.2.1;
					};
				};
			};
			buildConfigurationList = 58556B8728278A72008B323A /* Build configuration list for PBXProject "money" */;
			compatibilityVersion = "Xcode 13.0";
			developmentRegion = en;
			hasScannedForEncodings = 0;
			knownRegions = (
				en,
				Base,
			);
			mainGroup = 58556B8328278A72008B323A;
			productRefGroup = 58556B8D28278A72008B323A /* Products */;
			projectDirPath = "";
			projectRoot = "";
			targets = (
				58556B8B28278A72008B323A /* money */,
			);
		};
/* End PBXProject section */

/* Begin PBXResourcesBuildPhase section */
		58556B8A28278A72008B323A /* Resources */ = {
			isa = PBXResourcesBuildPhase;
			buildActionMask = 2147483647;
			files = (
				58556B9C28278A74008B323A /* LaunchScreen.storyboard in Resources */,
				58556B9928278A74008B323A /* Assets.xcassets in Resources */,
				58556B9728278A72008B323A /* Main.storyboard in Resources */,
				58556BA428278DD0008B323A /* 102212-pig-coin.json in Resources */,
			);
			runOnlyForDeploymentPostprocessing = 0;
		};
/* End PBXResourcesBuildPhase section */

/* Begin PBXShellScriptBuildPhase section */
		2759557EB20E278F693A1C5A /* [CP] Embed Pods Frameworks */ = {
			isa = PBXShellScriptBuildPhase;
			buildActionMask = 2147483647;
			files = (
			);
			inputFileListPaths = (
				"${PODS_ROOT}/Target Support Files/Pods-money/Pods-money-frameworks-${CONFIGURATION}-input-files.xcfilelist",
			);
			name = "[CP] Embed Pods Frameworks";
			outputFileListPaths = (
				"${PODS_ROOT}/Target Support Files/Pods-money/Pods-money-frameworks-${CONFIGURATION}-output-files.xcfilelist",
			);
			runOnlyForDeploymentPostprocessing = 0;
			shellPath = /bin/sh;
			shellScript = "\"${PODS_ROOT}/Target Support Files/Pods-money/Pods-money-frameworks.sh\"\n";
			showEnvVarsInLog = 0;
		};
		82565D9DA00004E0846ADA09 /* [CP] Check Pods Manifest.lock */ = {
			isa = PBXShellScriptBuildPhase;
			buildActionMask = 2147483647;
			files = (
			);
			inputFileListPaths = (
			);
			inputPaths = (
				"${PODS_PODFILE_DIR_PATH}/Podfile.lock",
				"${PODS_ROOT}/Manifest.lock",
			);
			name = "[CP] Check Pods Manifest.lock";
			outputFileListPaths = (
			);
			outputPaths = (
				"$(DERIVED_FILE_DIR)/Pods-money-checkManifestLockResult.txt",
			);
			runOnlyForDeploymentPostprocessing = 0;
			shellPath = /bin/sh;
			shellScript = "diff \"${PODS_PODFILE_DIR_PATH}/Podfile.lock\" \"${PODS_ROOT}/Manifest.lock\" > /dev/null\nif [ $? != 0 ] ; then\n    # print error to STDERR\n    echo \"error: The sandbox is not in sync with the Podfile.lock. Run 'pod install' or update your CocoaPods installation.\" >&2\n    exit 1\nfi\n# This output is used by Xcode 'outputs' to avoid re-running this script phase.\necho \"SUCCESS\" > \"${SCRIPT_OUTPUT_FILE_0}\"\n";
			showEnvVarsInLog = 0;
		};
/* End PBXShellScriptBuildPhase section */

/* Begin PBXSourcesBuildPhase section */
		58556B8828278A72008B323A /* Sources */ = {
			isa = PBXSourcesBuildPhase;
			buildActionMask = 2147483647;
			files = (
				58556B9428278A72008B323A /* ViewController.swift in Sources */,
				58556BAE2830D3DF008B323A /* FinanceListViewController.swift in Sources */,
				58556B9028278A72008B323A /* AppDelegate.swift in Sources */,
				58556BAA282D385C008B323A /* ExpensesListViewController.swift in Sources */,
				58556B9228278A72008B323A /* SceneDelegate.swift in Sources */,
				58556BAC282D391A008B323A /* TabBarViewController.swift in Sources */,
				58556BA8282D37F7008B323A /* ChartViewController.swift in Sources */,
				58556BA628279115008B323A /* HomeViewController.swift in Sources */,
			);
			runOnlyForDeploymentPostprocessing = 0;
		};
/* End PBXSourcesBuildPhase section */

/* Begin PBXVariantGroup section */
		58556B9528278A72008B323A /* Main.storyboard */ = {
			isa = PBXVariantGroup;
			children = (
				58556B9628278A72008B323A /* Base */,
			);
			name = Main.storyboard;
			sourceTree = "<group>";
		};
		58556B9A28278A74008B323A /* LaunchScreen.storyboard */ = {
			isa = PBXVariantGroup;
			children = (
				58556B9B28278A74008B323A /* Base */,
			);
			name = LaunchScreen.storyboard;
			sourceTree = "<group>";
		};
/* End PBXVariantGroup section */

/* Begin XCBuildConfiguration section */
		58556B9E28278A74008B323A /* Debug */ = {
			isa = XCBuildConfiguration;
			buildSettings = {
				ALWAYS_SEARCH_USER_PATHS = NO;
				CLANG_ANALYZER_NONNULL = YES;
				CLANG_ANALYZER_NUMBER_OBJECT_CONVERSION = YES_AGGRESSIVE;
				CLANG_CXX_LANGUAGE_STANDARD = "gnu++17";
				CLANG_CXX_LIBRARY = "libc++";
				CLANG_ENABLE_MODULES = YES;
				CLANG_ENABLE_OBJC_ARC = YES;
				CLANG_ENABLE_OBJC_WEAK = YES;
				CLANG_WARN_BLOCK_CAPTURE_AUTORELEASING = YES;
				CLANG_WARN_BOOL_CONVERSION = YES;
				CLANG_WARN_COMMA = YES;
				CLANG_WARN_CONSTANT_CONVERSION = YES;
				CLANG_WARN_DEPRECATED_OBJC_IMPLEMENTATIONS = YES;
				CLANG_WARN_DIRECT_OBJC_ISA_USAGE = YES_ERROR;
				CLANG_WARN_DOCUMENTATION_COMMENTS = YES;
				CLANG_WARN_EMPTY_BODY = YES;
				CLANG_WARN_ENUM_CONVERSION = YES;
				CLANG_WARN_INFINITE_RECURSION = YES;
				CLANG_WARN_INT_CONVERSION = YES;
				CLANG_WARN_NON_LITERAL_NULL_CONVERSION = YES;
				CLANG_WARN_OBJC_IMPLICIT_RETAIN_SELF = YES;
				CLANG_WARN_OBJC_LITERAL_CONVERSION = YES;
				CLANG_WARN_OBJC_ROOT_CLASS = YES_ERROR;
				CLANG_WARN_QUOTED_INCLUDE_IN_FRAMEWORK_HEADER = YES;
				CLANG_WARN_RANGE_LOOP_ANALYSIS = YES;
				CLANG_WARN_STRICT_PROTOTYPES = YES;
				CLANG_WARN_SUSPICIOUS_MOVE = YES;
				CLANG_WARN_UNGUARDED_AVAILABILITY = YES_AGGRESSIVE;
				CLANG_WARN_UNREACHABLE_CODE = YES;
				CLANG_WARN__DUPLICATE_METHOD_MATCH = YES;
				COPY_PHASE_STRIP = NO;
				DEBUG_INFORMATION_FORMAT = dwarf;
				ENABLE_STRICT_OBJC_MSGSEND = YES;
				ENABLE_TESTABILITY = YES;
				GCC_C_LANGUAGE_STANDARD = gnu11;
				GCC_DYNAMIC_NO_PIC = NO;
				GCC_NO_COMMON_BLOCKS = YES;
				GCC_OPTIMIZATION_LEVEL = 0;
				GCC_PREPROCESSOR_DEFINITIONS = (
					"DEBUG=1",
					"$(inherited)",
				);
				GCC_WARN_64_TO_32_BIT_CONVERSION = YES;
				GCC_WARN_ABOUT_RETURN_TYPE = YES_ERROR;
				GCC_WARN_UNDECLARED_SELECTOR = YES;
				GCC_WARN_UNINITIALIZED_AUTOS = YES_AGGRESSIVE;
				GCC_WARN_UNUSED_FUNCTION = YES;
				GCC_WARN_UNUSED_VARIABLE = YES;
				IPHONEOS_DEPLOYMENT_TARGET = 15.2;
				MTL_ENABLE_DEBUG_INFO = INCLUDE_SOURCE;
				MTL_FAST_MATH = YES;
				ONLY_ACTIVE_ARCH = YES;
				SDKROOT = iphoneos;
				SWIFT_ACTIVE_COMPILATION_CONDITIONS = DEBUG;
				SWIFT_OPTIMIZATION_LEVEL = "-Onone";
			};
			name = Debug;
		};
		58556B9F28278A74008B323A /* Release */ = {
			isa = XCBuildConfiguration;
			buildSettings = {
				ALWAYS_SEARCH_USER_PATHS = NO;
				CLANG_ANALYZER_NONNULL = YES;
				CLANG_ANALYZER_NUMBER_OBJECT_CONVERSION = YES_AGGRESSIVE;
				CLANG_CXX_LANGUAGE_STANDARD = "gnu++17";
				CLANG_CXX_LIBRARY = "libc++";
				CLANG_ENABLE_MODULES = YES;
				CLANG_ENABLE_OBJC_ARC = YES;
				CLANG_ENABLE_OBJC_WEAK = YES;
				CLANG_WARN_BLOCK_CAPTURE_AUTORELEASING = YES;
				CLANG_WARN_BOOL_CONVERSION = YES;
				CLANG_WARN_COMMA = YES;
				CLANG_WARN_CONSTANT_CONVERSION = YES;
				CLANG_WARN_DEPRECATED_OBJC_IMPLEMENTATIONS = YES;
				CLANG_WARN_DIRECT_OBJC_ISA_USAGE = YES_ERROR;
				CLANG_WARN_DOCUMENTATION_COMMENTS = YES;
				CLANG_WARN_EMPTY_BODY = YES;
				CLANG_WARN_ENUM_CONVERSION = YES;
				CLANG_WARN_INFINITE_RECURSION = YES;
				CLANG_WARN_INT_CONVERSION = YES;
				CLANG_WARN_NON_LITERAL_NULL_CONVERSION = YES;
				CLANG_WARN_OBJC_IMPLICIT_RETAIN_SELF = YES;
				CLANG_WARN_OBJC_LITERAL_CONVERSION = YES;
				CLANG_WARN_OBJC_ROOT_CLASS = YES_ERROR;
				CLANG_WARN_QUOTED_INCLUDE_IN_FRAMEWORK_HEADER = YES;
				CLANG_WARN_RANGE_LOOP_ANALYSIS = YES;
				CLANG_WARN_STRICT_PROTOTYPES = YES;
				CLANG_WARN_SUSPICIOUS_MOVE = YES;
				CLANG_WARN_UNGUARDED_AVAILABILITY = YES_AGGRESSIVE;
				CLANG_WARN_UNREACHABLE_CODE = YES;
				CLANG_WARN__DUPLICATE_METHOD_MATCH = YES;
				COPY_PHASE_STRIP = NO;
				DEBUG_INFORMATION_FORMAT = "dwarf-with-dsym";
				ENABLE_NS_ASSERTIONS = NO;
				ENABLE_STRICT_OBJC_MSGSEND = YES;
				GCC_C_LANGUAGE_STANDARD = gnu11;
				GCC_NO_COMMON_BLOCKS = YES;
				GCC_WARN_64_TO_32_BIT_CONVERSION = YES;
				GCC_WARN_ABOUT_RETURN_TYPE = YES_ERROR;
				GCC_WARN_UNDECLARED_SELECTOR = YES;
				GCC_WARN_UNINITIALIZED_AUTOS = YES_AGGRESSIVE;
				GCC_WARN_UNUSED_FUNCTION = YES;
				GCC_WARN_UNUSED_VARIABLE = YES;
				IPHONEOS_DEPLOYMENT_TARGET = 15.2;
				MTL_ENABLE_DEBUG_INFO = NO;
				MTL_FAST_MATH = YES;
				SDKROOT = iphoneos;
				SWIFT_COMPILATION_MODE = wholemodule;
				SWIFT_OPTIMIZATION_LEVEL = "-O";
				VALIDATE_PRODUCT = YES;
			};
			name = Release;
		};
		58556BA128278A74008B323A /* Debug */ = {
			isa = XCBuildConfiguration;
			baseConfigurationReference = 7446832FF72644EC41464FC0 /* Pods-money.debug.xcconfig */;
			buildSettings = {
				ASSETCATALOG_COMPILER_APPICON_NAME = AppIcon;
				ASSETCATALOG_COMPILER_GLOBAL_ACCENT_COLOR_NAME = AccentColor;
				CODE_SIGN_STYLE = Automatic;
				CURRENT_PROJECT_VERSION = 1;
				DEVELOPMENT_TEAM = 84PZ3DM9Y7;
				GENERATE_INFOPLIST_FILE = YES;
				INFOPLIST_FILE = money/Info.plist;
				INFOPLIST_KEY_UIApplicationSupportsIndirectInputEvents = YES;
				INFOPLIST_KEY_UILaunchStoryboardName = LaunchScreen;
				INFOPLIST_KEY_UIMainStoryboardFile = Main;
				INFOPLIST_KEY_UISupportedInterfaceOrientations_iPad = "UIInterfaceOrientationPortrait UIInterfaceOrientationPortraitUpsideDown UIInterfaceOrientationLandscapeLeft UIInterfaceOrientationLandscapeRight";
				INFOPLIST_KEY_UISupportedInterfaceOrientations_iPhone = "UIInterfaceOrientationPortrait UIInterfaceOrientationLandscapeLeft UIInterfaceOrientationLandscapeRight";
				LD_RUNPATH_SEARCH_PATHS = (
					"$(inherited)",
					"@executable_path/Frameworks",
				);
				MARKETING_VERSION = 1.0;
				PRODUCT_BUNDLE_IDENTIFIER = com.programming.ios.money;
				PRODUCT_NAME = "$(TARGET_NAME)";
				SWIFT_EMIT_LOC_STRINGS = YES;
				SWIFT_VERSION = 5.0;
				TARGETED_DEVICE_FAMILY = "1,2";
			};
			name = Debug;
		};
		58556BA228278A74008B323A /* Release */ = {
			isa = XCBuildConfiguration;
			baseConfigurationReference = 58819B4C872AE634886F3B0A /* Pods-money.release.xcconfig */;
			buildSettings = {
				ASSETCATALOG_COMPILER_APPICON_NAME = AppIcon;
				ASSETCATALOG_COMPILER_GLOBAL_ACCENT_COLOR_NAME = AccentColor;
				CODE_SIGN_STYLE = Automatic;
				CURRENT_PROJECT_VERSION = 1;
				DEVELOPMENT_TEAM = 84PZ3DM9Y7;
				GENERATE_INFOPLIST_FILE = YES;
				INFOPLIST_FILE = money/Info.plist;
				INFOPLIST_KEY_UIApplicationSupportsIndirectInputEvents = YES;
				INFOPLIST_KEY_UILaunchStoryboardName = LaunchScreen;
				INFOPLIST_KEY_UIMainStoryboardFile = Main;
				INFOPLIST_KEY_UISupportedInterfaceOrientations_iPad = "UIInterfaceOrientationPortrait UIInterfaceOrientationPortraitUpsideDown UIInterfaceOrientationLandscapeLeft UIInterfaceOrientationLandscapeRight";
				INFOPLIST_KEY_UISupportedInterfaceOrientations_iPhone = "UIInterfaceOrientationPortrait UIInterfaceOrientationLandscapeLeft UIInterfaceOrientationLandscapeRight";
				LD_RUNPATH_SEARCH_PATHS = (
					"$(inherited)",
					"@executable_path/Frameworks",
				);
				MARKETING_VERSION = 1.0;
				PRODUCT_BUNDLE_IDENTIFIER = com.programming.ios.money;
				PRODUCT_NAME = "$(TARGET_NAME)";
				SWIFT_EMIT_LOC_STRINGS = YES;
				SWIFT_VERSION = 5.0;
				TARGETED_DEVICE_FAMILY = "1,2";
			};
			name = Release;
		};
/* End XCBuildConfiguration section */

/* Begin XCConfigurationList section */
		58556B8728278A72008B323A /* Build configuration list for PBXProject "money" */ = {
			isa = XCConfigurationList;
			buildConfigurations = (
				58556B9E28278A74008B323A /* Debug */,
				58556B9F28278A74008B323A /* Release */,
			);
			defaultConfigurationIsVisible = 0;
			defaultConfigurationName = Release;
		};
		58556BA028278A74008B323A /* Build configuration list for PBXNativeTarget "money" */ = {
			isa = XCConfigurationList;
			buildConfigurations = (
				58556BA128278A74008B323A /* Debug */,
				58556BA228278A74008B323A /* Release */,
			);
			defaultConfigurationIsVisible = 0;
			defaultConfigurationName = Release;
		};
/* End XCConfigurationList section */
	};
	rootObject = 58556B8428278A72008B323A /* Project object */;
}
